
Microsoft Visual Studio Solution File, Format Version 12.00
# Visual Studio Version 17
VisualStudioVersion = 17.7.34202.233
MinimumVisualStudioVersion = 10.0.40219.1
Project("{9A19103F-16F7-4668-BE54-9A1E7A4F7556}") = "greenhouse", "greenhouse\greenhouse.csproj", "{3D6C69CA-7405-4D4B-AE4C-D5D6DD2CCD92}"
EndProject
Project("{FAE04EC0-301F-11D3-BF4B-00C04F79EFBC}") = "TestGreenhouse3", "TestGreenhouse3\TestGreenhouse3.csproj", "{EE140984-ABAA-482F-BCBC-5223F2ABAE81}"
EndProject
Global
	GlobalSection(SolutionConfigurationPlatforms) = preSolution
		Debug|Any CPU = Debug|Any CPU
		Release|Any CPU = Release|Any CPU
	EndGlobalSection
	GlobalSection(ProjectConfigurationPlatforms) = postSolution
		{3D6C69CA-7405-4D4B-AE4C-D5D6DD2CCD92}.Debug|Any CPU.ActiveCfg = Debug|Any CPU
		{3D6C69CA-7405-4D4B-AE4C-D5D6DD2CCD92}.Debug|Any CPU.Build.0 = Debug|Any CPU
		{3D6C69CA-7405-4D4B-AE4C-D5D6DD2CCD92}.Release|Any CPU.ActiveCfg = Release|Any CPU
		{3D6C69CA-7405-4D4B-AE4C-D5D6DD2CCD92}.Release|Any CPU.Build.0 = Release|Any CPU
		{EE140984-ABAA-482F-BCBC-5223F2ABAE81}.Debug|Any CPU.ActiveCfg = Debug|Any CPU
		{EE140984-ABAA-482F-BCBC-5223F2ABAE81}.Debug|Any CPU.Build.0 = Debug|Any CPU
		{EE140984-ABAA-482F-BCBC-5223F2ABAE81}.Release|Any CPU.ActiveCfg = Release|Any CPU
		{EE140984-ABAA-482F-BCBC-5223F2ABAE81}.Release|Any CPU.Build.0 = Release|Any CPU
	EndGlobalSection
	GlobalSection(SolutionProperties) = preSolution
		HideSolutionNode = FALSE
	EndGlobalSection
	GlobalSection(ExtensibilityGlobals) = postSolution
		SolutionGuid = {7DC0089C-9C38-4E73-8B30-88EED9C43C28}
	EndGlobalSection
EndGlobal
